// !$*UTF8*$!
{
	archiveVersion = 1;
	classes = {
	};
	objectVersion = 55;
	objects = {

/* Begin PBXBuildFile section */
		DE4324132844BCCF001ECA85 /* AppDelegate.swift in Sources */ = {isa = PBXBuildFile; fileRef = DE4324122844BCCF001ECA85 /* AppDelegate.swift */; };
		DE4324152844BCCF001ECA85 /* ViewController.swift in Sources */ = {isa = PBXBuildFile; fileRef = DE4324142844BCCF001ECA85 /* ViewController.swift */; };
		DE4324172844BCD2001ECA85 /* Assets.xcassets in Resources */ = {isa = PBXBuildFile; fileRef = DE4324162844BCD2001ECA85 /* Assets.xcassets */; };
		DE43241A2844BCD2001ECA85 /* Main.storyboard in Resources */ = {isa = PBXBuildFile; fileRef = DE4324182844BCD2001ECA85 /* Main.storyboard */; };
		DE4324252844BCD3001ECA85 /* FoodCoodinateExampleTests.swift in Sources */ = {isa = PBXBuildFile; fileRef = DE4324242844BCD3001ECA85 /* FoodCoodinateExampleTests.swift */; };
		DE43242F2844BCD3001ECA85 /* FoodCoodinateExampleUITests.swift in Sources */ = {isa = PBXBuildFile; fileRef = DE43242E2844BCD3001ECA85 /* FoodCoodinateExampleUITests.swift */; };
		DE4324312844BCD3001ECA85 /* FoodCoodinateExampleUITestsLaunchTests.swift in Sources */ = {isa = PBXBuildFile; fileRef = DE4324302844BCD3001ECA85 /* FoodCoodinateExampleUITestsLaunchTests.swift */; };
/* End PBXBuildFile section */

/* Begin PBXContainerItemProxy section */
		DE4324212844BCD3001ECA85 /* PBXContainerItemProxy */ = {
			isa = PBXContainerItemProxy;
			containerPortal = DE4324072844BCCF001ECA85 /* Project object */;
			proxyType = 1;
			remoteGlobalIDString = DE43240E2844BCCF001ECA85;
			remoteInfo = FoodCoodinateExample;
		};
		DE43242B2844BCD3001ECA85 /* PBXContainerItemProxy */ = {
			isa = PBXContainerItemProxy;
			containerPortal = DE4324072844BCCF001ECA85 /* Project object */;
			proxyType = 1;
			remoteGlobalIDString = DE43240E2844BCCF001ECA85;
			remoteInfo = FoodCoodinateExample;
		};
/* End PBXContainerItemProxy section */

/* Begin PBXFileReference section */
		DE43240F2844BCCF001ECA85 /* FoodCoodinateExample.app */ = {isa = PBXFileReference; explicitFileType = wrapper.application; includeInIndex = 0; path = FoodCoodinateExample.app; sourceTree = BUILT_PRODUCTS_DIR; };
		DE4324122844BCCF001ECA85 /* AppDelegate.swift */ = {isa = PBXFileReference; lastKnownFileType = sourcecode.swift; path = AppDelegate.swift; sourceTree = "<group>"; };
		DE4324142844BCCF001ECA85 /* ViewController.swift */ = {isa = PBXFileReference; lastKnownFileType = sourcecode.swift; path = ViewController.swift; sourceTree = "<group>"; };
		DE4324162844BCD2001ECA85 /* Assets.xcassets */ = {isa = PBXFileReference; lastKnownFileType = folder.assetcatalog; path = Assets.xcassets; sourceTree = "<group>"; };
		DE4324192844BCD2001ECA85 /* Base */ = {isa = PBXFileReference; lastKnownFileType = file.storyboard; name = Base; path = Base.lproj/Main.storyboard; sourceTree = "<group>"; };
		DE43241B2844BCD2001ECA85 /* FoodCoodinateExample.entitlements */ = {isa = PBXFileReference; lastKnownFileType = text.plist.entitlements; path = FoodCoodinateExample.entitlements; sourceTree = "<group>"; };
		DE4324202844BCD3001ECA85 /* FoodCoodinateExampleTests.xctest */ = {isa = PBXFileReference; explicitFileType = wrapper.cfbundle; includeInIndex = 0; path = FoodCoodinateExampleTests.xctest; sourceTree = BUILT_PRODUCTS_DIR; };
		DE4324242844BCD3001ECA85 /* FoodCoodinateExampleTests.swift */ = {isa = PBXFileReference; lastKnownFileType = sourcecode.swift; path = FoodCoodinateExampleTests.swift; sourceTree = "<group>"; };
		DE43242A2844BCD3001ECA85 /* FoodCoodinateExampleUITests.xctest */ = {isa = PBXFileReference; explicitFileType = wrapper.cfbundle; includeInIndex = 0; path = FoodCoodinateExampleUITests.xctest; sourceTree = BUILT_PRODUCTS_DIR; };
		DE43242E2844BCD3001ECA85 /* FoodCoodinateExampleUITests.swift */ = {isa = PBXFileReference; lastKnownFileType = sourcecode.swift; path = FoodCoodinateExampleUITests.swift; sourceTree = "<group>"; };
		DE4324302844BCD3001ECA85 /* FoodCoodinateExampleUITestsLaunchTests.swift */ = {isa = PBXFileReference; lastKnownFileType = sourcecode.swift; path = FoodCoodinateExampleUITestsLaunchTests.swift; sourceTree = "<group>"; };
/* End PBXFileReference section */

/* Begin PBXFrameworksBuildPhase section */
		DE43240C2844BCCF001ECA85 /* Frameworks */ = {
			isa = PBXFrameworksBuildPhase;
			buildActionMask = 2147483647;
			files = (
			);
			runOnlyForDeploymentPostprocessing = 0;
		};
		DE43241D2844BCD3001ECA85 /* Frameworks */ = {
			isa = PBXFrameworksBuildPhase;
			buildActionMask = 2147483647;
			files = (
			);
			runOnlyForDeploymentPostprocessing = 0;
		};
		DE4324272844BCD3001ECA85 /* Frameworks */ = {
			isa = PBXFrameworksBuildPhase;
			buildActionMask = 2147483647;
			files = (
			);
			runOnlyForDeploymentPostprocessing = 0;
		};
/* End PBXFrameworksBuildPhase section */

/* Begin PBXGroup section */
		DE4324062844BCCF001ECA85 = {
			isa = PBXGroup;
			children = (
				DE4324112844BCCF001ECA85 /* FoodCoodinateExample */,
				DE4324232844BCD3001ECA85 /* FoodCoodinateExampleTests */,
				DE43242D2844BCD3001ECA85 /* FoodCoodinateExampleUITests */,
				DE4324102844BCCF001ECA85 /* Products */,
			);
			sourceTree = "<group>";
		};
		DE4324102844BCCF001ECA85 /* Products */ = {
			isa = PBXGroup;
			children = (
				DE43240F2844BCCF001ECA85 /* FoodCoodinateExample.app */,
				DE4324202844BCD3001ECA85 /* FoodCoodinateExampleTests.xctest */,
				DE43242A2844BCD3001ECA85 /* FoodCoodinateExampleUITests.xctest */,
			);
			name = Products;
			sourceTree = "<group>";
		};
		DE4324112844BCCF001ECA85 /* FoodCoodinateExample */ = {
			isa = PBXGroup;
			children = (
				DE4324122844BCCF001ECA85 /* AppDelegate.swift */,
				DE4324142844BCCF001ECA85 /* ViewController.swift */,
				DE4324162844BCD2001ECA85 /* Assets.xcassets */,
				DE4324182844BCD2001ECA85 /* Main.storyboard */,
				DE43241B2844BCD2001ECA85 /* FoodCoodinateExample.entitlements */,
			);
			path = FoodCoodinateExample;
			sourceTree = "<group>";
		};
		DE4324232844BCD3001ECA85 /* FoodCoodinateExampleTests */ = {
			isa = PBXGroup;
			children = (
				DE4324242844BCD3001ECA85 /* FoodCoodinateExampleTests.swift */,
			);
			path = FoodCoodinateExampleTests;
			sourceTree = "<group>";
		};
		DE43242D2844BCD3001ECA85 /* FoodCoodinateExampleUITests */ = {
			isa = PBXGroup;
			children = (
				DE43242E2844BCD3001ECA85 /* FoodCoodinateExampleUITests.swift */,
				DE4324302844BCD3001ECA85 /* FoodCoodinateExampleUITestsLaunchTests.swift */,
			);
			path = FoodCoodinateExampleUITests;
			sourceTree = "<group>";
		};
/* End PBXGroup section */

/* Begin PBXNativeTarget section */
		DE43240E2844BCCF001ECA85 /* FoodCoodinateExample */ = {
			isa = PBXNativeTarget;
			buildConfigurationList = DE4324342844BCD3001ECA85 /* Build configuration list for PBXNativeTarget "FoodCoodinateExample" */;
			buildPhases = (
				DE43240B2844BCCF001ECA85 /* Sources */,
				DE43240C2844BCCF001ECA85 /* Frameworks */,
				DE43240D2844BCCF001ECA85 /* Resources */,
			);
			buildRules = (
			);
			dependencies = (
			);
			name = FoodCoodinateExample;
			productName = FoodCoodinateExample;
			productReference = DE43240F2844BCCF001ECA85 /* FoodCoodinateExample.app */;
			productType = "com.apple.product-type.application";
		};
		DE43241F2844BCD3001ECA85 /* FoodCoodinateExampleTests */ = {
			isa = PBXNativeTarget;
			buildConfigurationList = DE4324372844BCD3001ECA85 /* Build configuration list for PBXNativeTarget "FoodCoodinateExampleTests" */;
			buildPhases = (
				DE43241C2844BCD3001ECA85 /* Sources */,
				DE43241D2844BCD3001ECA85 /* Frameworks */,
				DE43241E2844BCD3001ECA85 /* Resources */,
			);
			buildRules = (
			);
			dependencies = (
				DE4324222844BCD3001ECA85 /* PBXTargetDependency */,
			);
			name = FoodCoodinateExampleTests;
			productName = FoodCoodinateExampleTests;
			productReference = DE4324202844BCD3001ECA85 /* FoodCoodinateExampleTests.xctest */;
			productType = "com.apple.product-type.bundle.unit-test";
		};
		DE4324292844BCD3001ECA85 /* FoodCoodinateExampleUITests */ = {
			isa = PBXNativeTarget;
			buildConfigurationList = DE43243A2844BCD3001ECA85 /* Build configuration list for PBXNativeTarget "FoodCoodinateExampleUITests" */;
			buildPhases = (
				DE4324262844BCD3001ECA85 /* Sources */,
				DE4324272844BCD3001ECA85 /* Frameworks */,
				DE4324282844BCD3001ECA85 /* Resources */,
			);
			buildRules = (
			);
			dependencies = (
				DE43242C2844BCD3001ECA85 /* PBXTargetDependency */,
			);
			name = FoodCoodinateExampleUITests;
			productName = FoodCoodinateExampleUITests;
			productReference = DE43242A2844BCD3001ECA85 /* FoodCoodinateExampleUITests.xctest */;
			productType = "com.apple.product-type.bundle.ui-testing";
		};
/* End PBXNativeTarget section */

/* Begin PBXProject section */
		DE4324072844BCCF001ECA85 /* Project object */ = {
			isa = PBXProject;
			attributes = {
				BuildIndependentTargetsInParallel = 1;
				LastSwiftUpdateCheck = 1340;
				LastUpgradeCheck = 1340;
				TargetAttributes = {
					DE43240E2844BCCF001ECA85 = {
						CreatedOnToolsVersion = 13.4;
					};
					DE43241F2844BCD3001ECA85 = {
						CreatedOnToolsVersion = 13.4;
						TestTargetID = DE43240E2844BCCF001ECA85;
					};
					DE4324292844BCD3001ECA85 = {
						CreatedOnToolsVersion = 13.4;
						TestTargetID = DE43240E2844BCCF001ECA85;
					};
				};
			};
			buildConfigurationList = DE43240A2844BCCF001ECA85 /* Build configuration list for PBXProject "FoodCoodinateExample" */;
			compatibilityVersion = "Xcode 13.0";
			developmentRegion = en;
			hasScannedForEncodings = 0;
			knownRegions = (
				en,
				Base,
			);
			mainGroup = DE4324062844BCCF001ECA85;
			productRefGroup = DE4324102844BCCF001ECA85 /* Products */;
			projectDirPath = "";
			projectRoot = "";
			targets = (
				DE43240E2844BCCF001ECA85 /* FoodCoodinateExample */,
				DE43241F2844BCD3001ECA85 /* FoodCoodinateExampleTests */,
				DE4324292844BCD3001ECA85 /* FoodCoodinateExampleUITests */,
			);
		};
/* End PBXProject section */

/* Begin PBXResourcesBuildPhase section */
		DE43240D2844BCCF001ECA85 /* Resources */ = {
			isa = PBXResourcesBuildPhase;
			buildActionMask = 2147483647;
			files = (
				DE4324172844BCD2001ECA85 /* Assets.xcassets in Resources */,
				DE43241A2844BCD2001ECA85 /* Main.storyboard in Resources */,
			);
			runOnlyForDeploymentPostprocessing = 0;
		};
		DE43241E2844BCD3001ECA85 /* Resources */ = {
			isa = PBXResourcesBuildPhase;
			buildActionMask = 2147483647;
			files = (
			);
			runOnlyForDeploymentPostprocessing = 0;
		};
		DE4324282844BCD3001ECA85 /* Resources */ = {
			isa = PBXResourcesBuildPhase;
			buildActionMask = 2147483647;
			files = (
			);
			runOnlyForDeploymentPostprocessing = 0;
		};
/* End PBXResourcesBuildPhase section */

/* Begin PBXSourcesBuildPhase section */
		DE43240B2844BCCF001ECA85 /* Sources */ = {
			isa = PBXSourcesBuildPhase;
			buildActionMask = 2147483647;
			files = (
				DE4324152844BCCF001ECA85 /* ViewController.swift in Sources */,
				DE4324132844BCCF001ECA85 /* AppDelegate.swift in Sources */,
			);
			runOnlyForDeploymentPostprocessing = 0;
		};
		DE43241C2844BCD3001ECA85 /* Sources */ = {
			isa = PBXSourcesBuildPhase;
			buildActionMask = 2147483647;
			files = (
				DE4324252844BCD3001ECA85 /* FoodCoodinateExampleTests.swift in Sources */,
			);
			runOnlyForDeploymentPostprocessing = 0;
		};
		DE4324262844BCD3001ECA85 /* Sources */ = {
			isa = PBXSourcesBuildPhase;
			buildActionMask = 2147483647;
			files = (
				DE4324312844BCD3001ECA85 /* FoodCoodinateExampleUITestsLaunchTests.swift in Sources */,
				DE43242F2844BCD3001ECA85 /* FoodCoodinateExampleUITests.swift in Sources */,
			);
			runOnlyForDeploymentPostprocessing = 0;
		};
/* End PBXSourcesBuildPhase section */

/* Begin PBXTargetDependency section */
		DE4324222844BCD3001ECA85 /* PBXTargetDependency */ = {
			isa = PBXTargetDependency;
			target = DE43240E2844BCCF001ECA85 /* FoodCoodinateExample */;
			targetProxy = DE4324212844BCD3001ECA85 /* PBXContainerItemProxy */;
		};
		DE43242C2844BCD3001ECA85 /* PBXTargetDependency */ = {
			isa = PBXTargetDependency;
			target = DE43240E2844BCCF001ECA85 /* FoodCoodinateExample */;
			targetProxy = DE43242B2844BCD3001ECA85 /* PBXContainerItemProxy */;
		};
/* End PBXTargetDependency section */

/* Begin PBXVariantGroup section */
		DE4324182844BCD2001ECA85 /* Main.storyboard */ = {
			isa = PBXVariantGroup;
			children = (
				DE4324192844BCD2001ECA85 /* Base */,
			);
			name = Main.storyboard;
			sourceTree = "<group>";
		};
/* End PBXVariantGroup section */

/* Begin XCBuildConfiguration section */
		DE4324322844BCD3001ECA85 /* Debug */ = {
			isa = XCBuildConfiguration;
			buildSettings = {
				ALWAYS_SEARCH_USER_PATHS = NO;
				CLANG_ANALYZER_NONNULL = YES;
				CLANG_ANALYZER_NUMBER_OBJECT_CONVERSION = YES_AGGRESSIVE;
				CLANG_CXX_LANGUAGE_STANDARD = "gnu++17";
				CLANG_ENABLE_MODULES = YES;
				CLANG_ENABLE_OBJC_ARC = YES;
				CLANG_ENABLE_OBJC_WEAK = YES;
				CLANG_WARN_BLOCK_CAPTURE_AUTORELEASING = YES;
				CLANG_WARN_BOOL_CONVERSION = YES;
				CLANG_WARN_COMMA = YES;
				CLANG_WARN_CONSTANT_CONVERSION = YES;
				CLANG_WARN_DEPRECATED_OBJC_IMPLEMENTATIONS = YES;
				CLANG_WARN_DIRECT_OBJC_ISA_USAGE = YES_ERROR;
				CLANG_WARN_DOCUMENTATION_COMMENTS = YES;
				CLANG_WARN_EMPTY_BODY = YES;
				CLANG_WARN_ENUM_CONVERSION = YES;
				CLANG_WARN_INFINITE_RECURSION = YES;
				CLANG_WARN_INT_CONVERSION = YES;
				CLANG_WARN_NON_LITERAL_NULL_CONVERSION = YES;
				CLANG_WARN_OBJC_IMPLICIT_RETAIN_SELF = YES;
				CLANG_WARN_OBJC_LITERAL_CONVERSION = YES;
				CLANG_WARN_OBJC_ROOT_CLASS = YES_ERROR;
				CLANG_WARN_QUOTED_INCLUDE_IN_FRAMEWORK_HEADER = YES;
				CLANG_WARN_RANGE_LOOP_ANALYSIS = YES;
				CLANG_WARN_STRICT_PROTOTYPES = YES;
				CLANG_WARN_SUSPICIOUS_MOVE = YES;
				CLANG_WARN_UNGUARDED_AVAILABILITY = YES_AGGRESSIVE;
				CLANG_WARN_UNREACHABLE_CODE = YES;
				CLANG_WARN__DUPLICATE_METHOD_MATCH = YES;
				COPY_PHASE_STRIP = NO;
				DEBUG_INFORMATION_FORMAT = dwarf;
				ENABLE_STRICT_OBJC_MSGSEND = YES;
				ENABLE_TESTABILITY = YES;
				GCC_C_LANGUAGE_STANDARD = gnu11;
				GCC_DYNAMIC_NO_PIC = NO;
				GCC_NO_COMMON_BLOCKS = YES;
				GCC_OPTIMIZATION_LEVEL = 0;
				GCC_PREPROCESSOR_DEFINITIONS = (
					"DEBUG=1",
					"$(inherited)",
				);
				GCC_WARN_64_TO_32_BIT_CONVERSION = YES;
				GCC_WARN_ABOUT_RETURN_TYPE = YES_ERROR;
				GCC_WARN_UNDECLARED_SELECTOR = YES;
				GCC_WARN_UNINITIALIZED_AUTOS = YES_AGGRESSIVE;
				GCC_WARN_UNUSED_FUNCTION = YES;
				GCC_WARN_UNUSED_VARIABLE = YES;
				MACOSX_DEPLOYMENT_TARGET = 12.3;
				MTL_ENABLE_DEBUG_INFO = INCLUDE_SOURCE;
				MTL_FAST_MATH = YES;
				ONLY_ACTIVE_ARCH = YES;
				SDKROOT = macosx;
				SWIFT_ACTIVE_COMPILATION_CONDITIONS = DEBUG;
				SWIFT_OPTIMIZATION_LEVEL = "-Onone";
			};
			name = Debug;
		};
		DE4324332844BCD3001ECA85 /* Release */ = {
			isa = XCBuildConfiguration;
			buildSettings = {
				ALWAYS_SEARCH_USER_PATHS = NO;
				CLANG_ANALYZER_NONNULL = YES;
				CLANG_ANALYZER_NUMBER_OBJECT_CONVERSION = YES_AGGRESSIVE;
				CLANG_CXX_LANGUAGE_STANDARD = "gnu++17";
				CLANG_ENABLE_MODULES = YES;
				CLANG_ENABLE_OBJC_ARC = YES;
				CLANG_ENABLE_OBJC_WEAK = YES;
				CLANG_WARN_BLOCK_CAPTURE_AUTORELEASING = YES;
				CLANG_WARN_BOOL_CONVERSION = YES;
				CLANG_WARN_COMMA = YES;
				CLANG_WARN_CONSTANT_CONVERSION = YES;
				CLANG_WARN_DEPRECATED_OBJC_IMPLEMENTATIONS = YES;
				CLANG_WARN_DIRECT_OBJC_ISA_USAGE = YES_ERROR;
				CLANG_WARN_DOCUMENTATION_COMMENTS = YES;
				CLANG_WARN_EMPTY_BODY = YES;
				CLANG_WARN_ENUM_CONVERSION = YES;
				CLANG_WARN_INFINITE_RECURSION = YES;
				CLANG_WARN_INT_CONVERSION = YES;
				CLANG_WARN_NON_LITERAL_NULL_CONVERSION = YES;
				CLANG_WARN_OBJC_IMPLICIT_RETAIN_SELF = YES;
				CLANG_WARN_OBJC_LITERAL_CONVERSION = YES;
				CLANG_WARN_OBJC_ROOT_CLASS = YES_ERROR;
				CLANG_WARN_QUOTED_INCLUDE_IN_FRAMEWORK_HEADER = YES;
				CLANG_WARN_RANGE_LOOP_ANALYSIS = YES;
				CLANG_WARN_STRICT_PROTOTYPES = YES;
				CLANG_WARN_SUSPICIOUS_MOVE = YES;
				CLANG_WARN_UNGUARDED_AVAILABILITY = YES_AGGRESSIVE;
				CLANG_WARN_UNREACHABLE_CODE = YES;
				CLANG_WARN__DUPLICATE_METHOD_MATCH = YES;
				COPY_PHASE_STRIP = NO;
				DEBUG_INFORMATION_FORMAT = "dwarf-with-dsym";
				ENABLE_NS_ASSERTIONS = NO;
				ENABLE_STRICT_OBJC_MSGSEND = YES;
				GCC_C_LANGUAGE_STANDARD = gnu11;
				GCC_NO_COMMON_BLOCKS = YES;
				GCC_WARN_64_TO_32_BIT_CONVERSION = YES;
				GCC_WARN_ABOUT_RETURN_TYPE = YES_ERROR;
				GCC_WARN_UNDECLARED_SELECTOR = YES;
				GCC_WARN_UNINITIALIZED_AUTOS = YES_AGGRESSIVE;
				GCC_WARN_UNUSED_FUNCTION = YES;
				GCC_WARN_UNUSED_VARIABLE = YES;
				MACOSX_DEPLOYMENT_TARGET = 12.3;
				MTL_ENABLE_DEBUG_INFO = NO;
				MTL_FAST_MATH = YES;
				SDKROOT = macosx;
				SWIFT_COMPILATION_MODE = wholemodule;
				SWIFT_OPTIMIZATION_LEVEL = "-O";
			};
			name = Release;
		};
		DE4324352844BCD3001ECA85 /* Debug */ = {
			isa = XCBuildConfiguration;
			buildSettings = {
				ASSETCATALOG_COMPILER_APPICON_NAME = AppIcon;
				ASSETCATALOG_COMPILER_GLOBAL_ACCENT_COLOR_NAME = AccentColor;
				CODE_SIGN_ENTITLEMENTS = FoodCoodinateExample/FoodCoodinateExample.entitlements;
				CODE_SIGN_STYLE = Automatic;
				COMBINE_HIDPI_IMAGES = YES;
				CURRENT_PROJECT_VERSION = 1;
				DEVELOPMENT_TEAM = S5BF5553KY;
				ENABLE_HARDENED_RUNTIME = YES;
				GENERATE_INFOPLIST_FILE = YES;
				INFOPLIST_KEY_NSHumanReadableCopyright = "";
				INFOPLIST_KEY_NSMainStoryboardFile = Main;
				INFOPLIST_KEY_NSPrincipalClass = NSApplication;
				LD_RUNPATH_SEARCH_PATHS = (
					"$(inherited)",
					"@executable_path/../Frameworks",
				);
				MACOSX_DEPLOYMENT_TARGET = 15.0;
				MARKETING_VERSION = 1.0;
				PRODUCT_BUNDLE_IDENTIFIER = com.just1factory.FoodCoodinateExample;
				PRODUCT_NAME = "$(TARGET_NAME)";
				SWIFT_EMIT_LOC_STRINGS = YES;
				SWIFT_VERSION = 5.0;
			};
			name = Debug;
		};
		DE4324362844BCD3001ECA85 /* Release */ = {
			isa = XCBuildConfiguration;
			buildSettings = {
				ASSETCATALOG_COMPILER_APPICON_NAME = AppIcon;
				ASSETCATALOG_COMPILER_GLOBAL_ACCENT_COLOR_NAME = AccentColor;
				CODE_SIGN_ENTITLEMENTS = FoodCoodinateExample/FoodCoodinateExample.entitlements;
				CODE_SIGN_STYLE = Automatic;
				COMBINE_HIDPI_IMAGES = YES;
				CURRENT_PROJECT_VERSION = 1;
				DEVELOPMENT_TEAM = S5BF5553KY;
				ENABLE_HARDENED_RUNTIME = YES;
				GENERATE_INFOPLIST_FILE = YES;
				INFOPLIST_KEY_NSHumanReadableCopyright = "";
				INFOPLIST_KEY_NSMainStoryboardFile = Main;
				INFOPLIST_KEY_NSPrincipalClass = NSApplication;
				LD_RUNPATH_SEARCH_PATHS = (
					"$(inherited)",
					"@executable_path/../Frameworks",
				);
				MACOSX_DEPLOYMENT_TARGET = 15.0;
				MARKETING_VERSION = 1.0;
				PRODUCT_BUNDLE_IDENTIFIER = com.just1factory.FoodCoodinateExample;
				PRODUCT_NAME = "$(TARGET_NAME)";
				SWIFT_EMIT_LOC_STRINGS = YES;
				SWIFT_VERSION = 5.0;
			};
			name = Release;
		};
		DE4324382844BCD3001ECA85 /* Debug */ = {
			isa = XCBuildConfiguration;
			buildSettings = {
				ALWAYS_EMBED_SWIFT_STANDARD_LIBRARIES = YES;
				BUNDLE_LOADER = "$(TEST_HOST)";
				CODE_SIGN_STYLE = Automatic;
				CURRENT_PROJECT_VERSION = 1;
				DEVELOPMENT_TEAM = S5BF5553KY;
				GENERATE_INFOPLIST_FILE = YES;
				MACOSX_DEPLOYMENT_TARGET = 12.3;
				MARKETING_VERSION = 1.0;
				PRODUCT_BUNDLE_IDENTIFIER = com.just1factory.FoodCoodinateExampleTests;
				PRODUCT_NAME = "$(TARGET_NAME)";
				SWIFT_EMIT_LOC_STRINGS = NO;
				SWIFT_VERSION = 5.0;
				TEST_HOST = "$(BUILT_PRODUCTS_DIR)/FoodCoodinateExample.app/Contents/MacOS/FoodCoodinateExample";
			};
			name = Debug;
		};
		DE4324392844BCD3001ECA85 /* Release */ = {
			isa = XCBuildConfiguration;
			buildSettings = {
				ALWAYS_EMBED_SWIFT_STANDARD_LIBRARIES = YES;
				BUNDLE_LOADER = "$(TEST_HOST)";
				CODE_SIGN_STYLE = Automatic;
				CURRENT_PROJECT_VERSION = 1;
				DEVELOPMENT_TEAM = S5BF5553KY;
				GENERATE_INFOPLIST_FILE = YES;
				MACOSX_DEPLOYMENT_TARGET = 12.3;
				MARKETING_VERSION = 1.0;
				PRODUCT_BUNDLE_IDENTIFIER = com.just1factory.FoodCoodinateExampleTests;
				PRODUCT_NAME = "$(TARGET_NAME)";
				SWIFT_EMIT_LOC_STRINGS = NO;
				SWIFT_VERSION = 5.0;
				TEST_HOST = "$(BUILT_PRODUCTS_DIR)/FoodCoodinateExample.app/Contents/MacOS/FoodCoodinateExample";
			};
			name = Release;
		};
		DE43243B2844BCD3001ECA85 /* Debug */ = {
			isa = XCBuildConfiguration;
			buildSettings = {
				ALWAYS_EMBED_SWIFT_STANDARD_LIBRARIES = YES;
				CODE_SIGN_STYLE = Automatic;
				CURRENT_PROJECT_VERSION = 1;
				DEVELOPMENT_TEAM = S5BF5553KY;
				GENERATE_INFOPLIST_FILE = YES;
				MARKETING_VERSION = 1.0;
				PRODUCT_BUNDLE_IDENTIFIER = com.just1factory.FoodCoodinateExampleUITests;
				PRODUCT_NAME = "$(TARGET_NAME)";
				SWIFT_EMIT_LOC_STRINGS = NO;
				SWIFT_VERSION = 5.0;
				TEST_TARGET_NAME = FoodCoodinateExample;
			};
			name = Debug;
		};
		DE43243C2844BCD3001ECA85 /* Release */ = {
			isa = XCBuildConfiguration;
			buildSettings = {
				ALWAYS_EMBED_SWIFT_STANDARD_LIBRARIES = YES;
				CODE_SIGN_STYLE = Automatic;
				CURRENT_PROJECT_VERSION = 1;
				DEVELOPMENT_TEAM = S5BF5553KY;
				GENERATE_INFOPLIST_FILE = YES;
				MARKETING_VERSION = 1.0;
				PRODUCT_BUNDLE_IDENTIFIER = com.just1factory.FoodCoodinateExampleUITests;
				PRODUCT_NAME = "$(TARGET_NAME)";
				SWIFT_EMIT_LOC_STRINGS = NO;
				SWIFT_VERSION = 5.0;
				TEST_TARGET_NAME = FoodCoodinateExample;
			};
			name = Release;
		};
/* End XCBuildConfiguration section */

/* Begin XCConfigurationList section */
		DE43240A2844BCCF001ECA85 /* Build configuration list for PBXProject "FoodCoodinateExample" */ = {
			isa = XCConfigurationList;
			buildConfigurations = (
				DE4324322844BCD3001ECA85 /* Debug */,
				DE4324332844BCD3001ECA85 /* Release */,
			);
			defaultConfigurationIsVisible = 0;
			defaultConfigurationName = Release;
		};
		DE4324342844BCD3001ECA85 /* Build configuration list for PBXNativeTarget "FoodCoodinateExample" */ = {
			isa = XCConfigurationList;
			buildConfigurations = (
				DE4324352844BCD3001ECA85 /* Debug */,
				DE4324362844BCD3001ECA85 /* Release */,
			);
			defaultConfigurationIsVisible = 0;
			defaultConfigurationName = Release;
		};
		DE4324372844BCD3001ECA85 /* Build configuration list for PBXNativeTarget "FoodCoodinateExampleTests" */ = {
			isa = XCConfigurationList;
			buildConfigurations = (
				DE4324382844BCD3001ECA85 /* Debug */,
				DE4324392844BCD3001ECA85 /* Release */,
			);
			defaultConfigurationIsVisible = 0;
			defaultConfigurationName = Release;
		};
		DE43243A2844BCD3001ECA85 /* Build configuration list for PBXNativeTarget "FoodCoodinateExampleUITests" */ = {
			isa = XCConfigurationList;
			buildConfigurations = (
				DE43243B2844BCD3001ECA85 /* Debug */,
				DE43243C2844BCD3001ECA85 /* Release */,
			);
			defaultConfigurationIsVisible = 0;
			defaultConfigurationName = Release;
		};
/* End XCConfigurationList section */
	};
	rootObject = DE4324072844BCCF001ECA85 /* Project object */;
}
